
Microsoft Visual Studio Solution File, Format Version 12.00
# Visual Studio Version 18
VisualStudioVersion = 18.5.11723.231
MinimumVisualStudioVersion = 10.0.40219.1
Project("{FAE04EC0-301F-11D3-BF4B-00C04F79EFBC}") = "Url Shortener", "Url Shortener.csproj", "{D0B97937-2508-4F58-C2FF-C86C9FD4316B}"
EndProject
Project("{FAE04EC0-301F-11D3-BF4B-00C04F79EFBC}") = "URL Shortener WebAPI", "URL Shortener WebAPI\URL Shortener WebAPI.csproj", "{8448B5EC-80F5-4F64-8445-75912B1F0EAF}"
EndProject
Project("{2150E333-8FDC-42A3-9474-1A3956D46DE8}") = "docker-compose.yml", "docker-compose.yml", "{68EDFCA7-F3E5-4486-A26F-0ED9E9AC2AA0}"
	ProjectSection(SolutionItems) = preProject
		docker-compose.yml = docker-compose.yml
	EndProjectSection
EndProject
Project("{2150E333-8FDC-42A3-9474-1A3956D46DE8}") = "Solution Items", "Solution Items", "{6BA89D26-1E10-4528-A35B-B8B4B82ADC79}"
	ProjectSection(SolutionItems) = preProject
		.env = .env
	EndProjectSection
EndProject
Global
	GlobalSection(SolutionConfigurationPlatforms) = preSolution
		Debug|Any CPU = Debug|Any CPU
		Release|Any CPU = Release|Any CPU
	EndGlobalSection
	GlobalSection(ProjectConfigurationPlatforms) = postSolution
		{D0B97937-2508-4F58-C2FF-C86C9FD4316B}.Debug|Any CPU.ActiveCfg = Debug|Any CPU
		{D0B97937-2508-4F58-C2FF-C86C9FD4316B}.Debug|Any CPU.Build.0 = Debug|Any CPU
		{D0B97937-2508-4F58-C2FF-C86C9FD4316B}.Release|Any CPU.ActiveCfg = Release|Any CPU
		{D0B97937-2508-4F58-C2FF-C86C9FD4316B}.Release|Any CPU.Build.0 = Release|Any CPU
		{8448B5EC-80F5-4F64-8445-75912B1F0EAF}.Debug|Any CPU.ActiveCfg = Debug|Any CPU
		{8448B5EC-80F5-4F64-8445-75912B1F0EAF}.Debug|Any CPU.Build.0 = Debug|Any CPU
		{8448B5EC-80F5-4F64-8445-75912B1F0EAF}.Release|Any CPU.ActiveCfg = Release|Any CPU
		{8448B5EC-80F5-4F64-8445-75912B1F0EAF}.Release|Any CPU.Build.0 = Release|Any CPU
	EndGlobalSection
	GlobalSection(SolutionProperties) = preSolution
		HideSolutionNode = FALSE
	EndGlobalSection
	GlobalSection(ExtensibilityGlobals) = postSolution
		SolutionGuid = {9556B055-6E53-4298-941B-58D68CFA1F8C}
	EndGlobalSection
EndGlobal
